// !$*UTF8*$!
{
	archiveVersion = 1;
	classes = {
	};
	objectVersion = 55;
	objects = {

/* Begin PBXBuildFile section */
		633AF7DF27A3256C008D4442 /* BusPlus.swift in Sources */ = {isa = PBXBuildFile; fileRef = 633AF7DE27A3256C008D4442 /* BusPlus.swift */; };
		633AF7E127A3256C008D4442 /* BusListView.swift in Sources */ = {isa = PBXBuildFile; fileRef = 633AF7E027A3256C008D4442 /* BusListView.swift */; };
		633AF7E327A3256E008D4442 /* Assets.xcassets in Resources */ = {isa = PBXBuildFile; fileRef = 633AF7E227A3256E008D4442 /* Assets.xcassets */; };
		633AF7E627A3256E008D4442 /* Preview Assets.xcassets in Resources */ = {isa = PBXBuildFile; fileRef = 633AF7E527A3256E008D4442 /* Preview Assets.xcassets */; };
		633AF7ED27A327CF008D4442 /* Bus.swift in Sources */ = {isa = PBXBuildFile; fileRef = 633AF7EC27A327CF008D4442 /* Bus.swift */; };
		633AF7EF27A3284D008D4442 /* URLSession+Additions.swift in Sources */ = {isa = PBXBuildFile; fileRef = 633AF7EE27A3284D008D4442 /* URLSession+Additions.swift */; };
		633AF7F127A32A3A008D4442 /* BusRow.swift in Sources */ = {isa = PBXBuildFile; fileRef = 633AF7F027A32A3A008D4442 /* BusRow.swift */; };
		633AF80E27A99DB2008D4442 /* MyTicketView.swift in Sources */ = {isa = PBXBuildFile; fileRef = 633AF80D27A99DB2008D4442 /* MyTicketView.swift */; };
		63FF5E722857B0D800E3BE8E /* BusListViewModel.swift in Sources */ = {isa = PBXBuildFile; fileRef = 63FF5E712857B0D800E3BE8E /* BusListViewModel.swift */; };
		63FF5E742857B89700E3BE8E /* APIClient.swift in Sources */ = {isa = PBXBuildFile; fileRef = 63FF5E732857B89600E3BE8E /* APIClient.swift */; };
		63FF5E762857B91E00E3BE8E /* AppContext.swift in Sources */ = {isa = PBXBuildFile; fileRef = 63FF5E752857B91E00E3BE8E /* AppContext.swift */; };
		63FF5E782857BD9600E3BE8E /* AppState.swift in Sources */ = {isa = PBXBuildFile; fileRef = 63FF5E772857BD9600E3BE8E /* AppState.swift */; };
		63FF5E7A2857CAA900E3BE8E /* APIInteractor.swift in Sources */ = {isa = PBXBuildFile; fileRef = 63FF5E792857CAA900E3BE8E /* APIInteractor.swift */; };
/* End PBXBuildFile section */

/* Begin PBXFileReference section */
		633AF7DB27A3256C008D4442 /* BusPlus.app */ = {isa = PBXFileReference; explicitFileType = wrapper.application; includeInIndex = 0; path = BusPlus.app; sourceTree = BUILT_PRODUCTS_DIR; };
		633AF7DE27A3256C008D4442 /* BusPlus.swift */ = {isa = PBXFileReference; lastKnownFileType = sourcecode.swift; path = BusPlus.swift; sourceTree = "<group>"; };
		633AF7E027A3256C008D4442 /* BusListView.swift */ = {isa = PBXFileReference; lastKnownFileType = sourcecode.swift; path = BusListView.swift; sourceTree = "<group>"; };
		633AF7E227A3256E008D4442 /* Assets.xcassets */ = {isa = PBXFileReference; lastKnownFileType = folder.assetcatalog; path = Assets.xcassets; sourceTree = "<group>"; };
		633AF7E527A3256E008D4442 /* Preview Assets.xcassets */ = {isa = PBXFileReference; lastKnownFileType = folder.assetcatalog; path = "Preview Assets.xcassets"; sourceTree = "<group>"; };
		633AF7EC27A327CF008D4442 /* Bus.swift */ = {isa = PBXFileReference; lastKnownFileType = sourcecode.swift; path = Bus.swift; sourceTree = "<group>"; };
		633AF7EE27A3284D008D4442 /* URLSession+Additions.swift */ = {isa = PBXFileReference; lastKnownFileType = sourcecode.swift; path = "URLSession+Additions.swift"; sourceTree = "<group>"; };
		633AF7F027A32A3A008D4442 /* BusRow.swift */ = {isa = PBXFileReference; lastKnownFileType = sourcecode.swift; path = BusRow.swift; sourceTree = "<group>"; };
		633AF80D27A99DB2008D4442 /* MyTicketView.swift */ = {isa = PBXFileReference; lastKnownFileType = sourcecode.swift; path = MyTicketView.swift; sourceTree = "<group>"; };
		63FF5E712857B0D800E3BE8E /* BusListViewModel.swift */ = {isa = PBXFileReference; lastKnownFileType = sourcecode.swift; path = BusListViewModel.swift; sourceTree = "<group>"; };
		63FF5E732857B89600E3BE8E /* APIClient.swift */ = {isa = PBXFileReference; lastKnownFileType = sourcecode.swift; path = APIClient.swift; sourceTree = "<group>"; };
		63FF5E752857B91E00E3BE8E /* AppContext.swift */ = {isa = PBXFileReference; lastKnownFileType = sourcecode.swift; path = AppContext.swift; sourceTree = "<group>"; };
		63FF5E772857BD9600E3BE8E /* AppState.swift */ = {isa = PBXFileReference; lastKnownFileType = sourcecode.swift; path = AppState.swift; sourceTree = "<group>"; };
		63FF5E792857CAA900E3BE8E /* APIInteractor.swift */ = {isa = PBXFileReference; lastKnownFileType = sourcecode.swift; path = APIInteractor.swift; sourceTree = "<group>"; };
/* End PBXFileReference section */

/* Begin PBXFrameworksBuildPhase section */
		633AF7D827A3256C008D4442 /* Frameworks */ = {
			isa = PBXFrameworksBuildPhase;
			buildActionMask = 2147483647;
			files = (
			);
			runOnlyForDeploymentPostprocessing = 0;
		};
/* End PBXFrameworksBuildPhase section */

/* Begin PBXGroup section */
		633AF7D227A3256C008D4442 = {
			isa = PBXGroup;
			children = (
				633AF7DD27A3256C008D4442 /* BusPlus */,
				633AF7DC27A3256C008D4442 /* Products */,
			);
			sourceTree = "<group>";
		};
		633AF7DC27A3256C008D4442 /* Products */ = {
			isa = PBXGroup;
			children = (
				633AF7DB27A3256C008D4442 /* BusPlus.app */,
			);
			name = Products;
			sourceTree = "<group>";
		};
		633AF7DD27A3256C008D4442 /* BusPlus */ = {
			isa = PBXGroup;
			children = (
				633AF7DE27A3256C008D4442 /* BusPlus.swift */,
				63FF5E772857BD9600E3BE8E /* AppState.swift */,
				633AF7E027A3256C008D4442 /* BusListView.swift */,
				63FF5E712857B0D800E3BE8E /* BusListViewModel.swift */,
				63FF5E752857B91E00E3BE8E /* AppContext.swift */,
				63FF5E732857B89600E3BE8E /* APIClient.swift */,
				63FF5E792857CAA900E3BE8E /* APIInteractor.swift */,
				633AF80D27A99DB2008D4442 /* MyTicketView.swift */,
				633AF7F027A32A3A008D4442 /* BusRow.swift */,
				633AF7EC27A327CF008D4442 /* Bus.swift */,
				633AF7EE27A3284D008D4442 /* URLSession+Additions.swift */,
				633AF7E227A3256E008D4442 /* Assets.xcassets */,
				633AF7E427A3256E008D4442 /* Preview Content */,
			);
			path = BusPlus;
			sourceTree = "<group>";
		};
		633AF7E427A3256E008D4442 /* Preview Content */ = {
			isa = PBXGroup;
			children = (
				633AF7E527A3256E008D4442 /* Preview Assets.xcassets */,
			);
			path = "Preview Content";
			sourceTree = "<group>";
		};
/* End PBXGroup section */

/* Begin PBXNativeTarget section */
		633AF7DA27A3256C008D4442 /* BusPlus */ = {
			isa = PBXNativeTarget;
			buildConfigurationList = 633AF7E927A3256E008D4442 /* Build configuration list for PBXNativeTarget "BusPlus" */;
			buildPhases = (
				633AF7D727A3256C008D4442 /* Sources */,
				633AF7D827A3256C008D4442 /* Frameworks */,
				633AF7D927A3256C008D4442 /* Resources */,
			);
			buildRules = (
			);
			dependencies = (
			);
			name = BusPlus;
			productName = "SwiftUI-5.5";
			productReference = 633AF7DB27A3256C008D4442 /* BusPlus.app */;
			productType = "com.apple.product-type.application";
		};
/* End PBXNativeTarget section */

/* Begin PBXProject section */
		633AF7D327A3256C008D4442 /* Project object */ = {
			isa = PBXProject;
			attributes = {
				BuildIndependentTargetsInParallel = 1;
				LastSwiftUpdateCheck = 1320;
				LastUpgradeCheck = 1320;
				TargetAttributes = {
					633AF7DA27A3256C008D4442 = {
						CreatedOnToolsVersion = 13.2.1;
					};
				};
			};
			buildConfigurationList = 633AF7D627A3256C008D4442 /* Build configuration list for PBXProject "BusPlus" */;
			compatibilityVersion = "Xcode 13.0";
			developmentRegion = en;
			hasScannedForEncodings = 0;
			knownRegions = (
				en,
				Base,
			);
			mainGroup = 633AF7D227A3256C008D4442;
			productRefGroup = 633AF7DC27A3256C008D4442 /* Products */;
			projectDirPath = "";
			projectRoot = "";
			targets = (
				633AF7DA27A3256C008D4442 /* BusPlus */,
			);
		};
/* End PBXProject section */

/* Begin PBXResourcesBuildPhase section */
		633AF7D927A3256C008D4442 /* Resources */ = {
			isa = PBXResourcesBuildPhase;
			buildActionMask = 2147483647;
			files = (
				633AF7E627A3256E008D4442 /* Preview Assets.xcassets in Resources */,
				633AF7E327A3256E008D4442 /* Assets.xcassets in Resources */,
			);
			runOnlyForDeploymentPostprocessing = 0;
		};
/* End PBXResourcesBuildPhase section */

/* Begin PBXSourcesBuildPhase section */
		633AF7D727A3256C008D4442 /* Sources */ = {
			isa = PBXSourcesBuildPhase;
			buildActionMask = 2147483647;
			files = (
				633AF80E27A99DB2008D4442 /* MyTicketView.swift in Sources */,
				63FF5E782857BD9600E3BE8E /* AppState.swift in Sources */,
				633AF7F127A32A3A008D4442 /* BusRow.swift in Sources */,
				63FF5E7A2857CAA900E3BE8E /* APIInteractor.swift in Sources */,
				633AF7E127A3256C008D4442 /* BusListView.swift in Sources */,
				63FF5E742857B89700E3BE8E /* APIClient.swift in Sources */,
				633AF7ED27A327CF008D4442 /* Bus.swift in Sources */,
				633AF7EF27A3284D008D4442 /* URLSession+Additions.swift in Sources */,
				633AF7DF27A3256C008D4442 /* BusPlus.swift in Sources */,
				63FF5E762857B91E00E3BE8E /* AppContext.swift in Sources */,
				63FF5E722857B0D800E3BE8E /* BusListViewModel.swift in Sources */,
			);
			runOnlyForDeploymentPostprocessing = 0;
		};
/* End PBXSourcesBuildPhase section */

/* Begin XCBuildConfiguration section */
		633AF7E727A3256E008D4442 /* Debug */ = {
			isa = XCBuildConfiguration;
			buildSettings = {
				ALWAYS_SEARCH_USER_PATHS = NO;
				CLANG_ANALYZER_NONNULL = YES;
				CLANG_ANALYZER_NUMBER_OBJECT_CONVERSION = YES_AGGRESSIVE;
				CLANG_CXX_LANGUAGE_STANDARD = "gnu++17";
				CLANG_CXX_LIBRARY = "libc++";
				CLANG_ENABLE_MODULES = YES;
				CLANG_ENABLE_OBJC_ARC = YES;
				CLANG_ENABLE_OBJC_WEAK = YES;
				CLANG_WARN_BLOCK_CAPTURE_AUTORELEASING = YES;
				CLANG_WARN_BOOL_CONVERSION = YES;
				CLANG_WARN_COMMA = YES;
				CLANG_WARN_CONSTANT_CONVERSION = YES;
				CLANG_WARN_DEPRECATED_OBJC_IMPLEMENTATIONS = YES;
				CLANG_WARN_DIRECT_OBJC_ISA_USAGE = YES_ERROR;
				CLANG_WARN_DOCUMENTATION_COMMENTS = YES;
				CLANG_WARN_EMPTY_BODY = YES;
				CLANG_WARN_ENUM_CONVERSION = YES;
				CLANG_WARN_INFINITE_RECURSION = YES;
				CLANG_WARN_INT_CONVERSION = YES;
				CLANG_WARN_NON_LITERAL_NULL_CONVERSION = YES;
				CLANG_WARN_OBJC_IMPLICIT_RETAIN_SELF = YES;
				CLANG_WARN_OBJC_LITERAL_CONVERSION = YES;
				CLANG_WARN_OBJC_ROOT_CLASS = YES_ERROR;
				CLANG_WARN_QUOTED_INCLUDE_IN_FRAMEWORK_HEADER = YES;
				CLANG_WARN_RANGE_LOOP_ANALYSIS = YES;
				CLANG_WARN_STRICT_PROTOTYPES = YES;
				CLANG_WARN_SUSPICIOUS_MOVE = YES;
				CLANG_WARN_UNGUARDED_AVAILABILITY = YES_AGGRESSIVE;
				CLANG_WARN_UNREACHABLE_CODE = YES;
				CLANG_WARN__DUPLICATE_METHOD_MATCH = YES;
				COPY_PHASE_STRIP = NO;
				DEBUG_INFORMATION_FORMAT = dwarf;
				ENABLE_STRICT_OBJC_MSGSEND = YES;
				ENABLE_TESTABILITY = YES;
				GCC_C_LANGUAGE_STANDARD = gnu11;
				GCC_DYNAMIC_NO_PIC = NO;
				GCC_NO_COMMON_BLOCKS = YES;
				GCC_OPTIMIZATION_LEVEL = 0;
				GCC_PREPROCESSOR_DEFINITIONS = (
					"DEBUG=1",
					"$(inherited)",
				);
				GCC_WARN_64_TO_32_BIT_CONVERSION = YES;
				GCC_WARN_ABOUT_RETURN_TYPE = YES_ERROR;
				GCC_WARN_UNDECLARED_SELECTOR = YES;
				GCC_WARN_UNINITIALIZED_AUTOS = YES_AGGRESSIVE;
				GCC_WARN_UNUSED_FUNCTION = YES;
				GCC_WARN_UNUSED_VARIABLE = YES;
				IPHONEOS_DEPLOYMENT_TARGET = 15.2;
				MTL_ENABLE_DEBUG_INFO = INCLUDE_SOURCE;
				MTL_FAST_MATH = YES;
				ONLY_ACTIVE_ARCH = YES;
				SDKROOT = iphoneos;
				SWIFT_ACTIVE_COMPILATION_CONDITIONS = DEBUG;
				SWIFT_OPTIMIZATION_LEVEL = "-Onone";
			};
			name = Debug;
		};
		633AF7E827A3256E008D4442 /* Release */ = {
			isa = XCBuildConfiguration;
			buildSettings = {
				ALWAYS_SEARCH_USER_PATHS = NO;
				CLANG_ANALYZER_NONNULL = YES;
				CLANG_ANALYZER_NUMBER_OBJECT_CONVERSION = YES_AGGRESSIVE;
				CLANG_CXX_LANGUAGE_STANDARD = "gnu++17";
				CLANG_CXX_LIBRARY = "libc++";
				CLANG_ENABLE_MODULES = YES;
				CLANG_ENABLE_OBJC_ARC = YES;
				CLANG_ENABLE_OBJC_WEAK = YES;
				CLANG_WARN_BLOCK_CAPTURE_AUTORELEASING = YES;
				CLANG_WARN_BOOL_CONVERSION = YES;
				CLANG_WARN_COMMA = YES;
				CLANG_WARN_CONSTANT_CONVERSION = YES;
				CLANG_WARN_DEPRECATED_OBJC_IMPLEMENTATIONS = YES;
				CLANG_WARN_DIRECT_OBJC_ISA_USAGE = YES_ERROR;
				CLANG_WARN_DOCUMENTATION_COMMENTS = YES;
				CLANG_WARN_EMPTY_BODY = YES;
				CLANG_WARN_ENUM_CONVERSION = YES;
				CLANG_WARN_INFINITE_RECURSION = YES;
				CLANG_WARN_INT_CONVERSION = YES;
				CLANG_WARN_NON_LITERAL_NULL_CONVERSION = YES;
				CLANG_WARN_OBJC_IMPLICIT_RETAIN_SELF = YES;
				CLANG_WARN_OBJC_LITERAL_CONVERSION = YES;
				CLANG_WARN_OBJC_ROOT_CLASS = YES_ERROR;
				CLANG_WARN_QUOTED_INCLUDE_IN_FRAMEWORK_HEADER = YES;
				CLANG_WARN_RANGE_LOOP_ANALYSIS = YES;
				CLANG_WARN_STRICT_PROTOTYPES = YES;
				CLANG_WARN_SUSPICIOUS_MOVE = YES;
				CLANG_WARN_UNGUARDED_AVAILABILITY = YES_AGGRESSIVE;
				CLANG_WARN_UNREACHABLE_CODE = YES;
				CLANG_WARN__DUPLICATE_METHOD_MATCH = YES;
				COPY_PHASE_STRIP = NO;
				DEBUG_INFORMATION_FORMAT = "dwarf-with-dsym";
				ENABLE_NS_ASSERTIONS = NO;
				ENABLE_STRICT_OBJC_MSGSEND = YES;
				GCC_C_LANGUAGE_STANDARD = gnu11;
				GCC_NO_COMMON_BLOCKS = YES;
				GCC_WARN_64_TO_32_BIT_CONVERSION = YES;
				GCC_WARN_ABOUT_RETURN_TYPE = YES_ERROR;
				GCC_WARN_UNDECLARED_SELECTOR = YES;
				GCC_WARN_UNINITIALIZED_AUTOS = YES_AGGRESSIVE;
				GCC_WARN_UNUSED_FUNCTION = YES;
				GCC_WARN_UNUSED_VARIABLE = YES;
				IPHONEOS_DEPLOYMENT_TARGET = 15.2;
				MTL_ENABLE_DEBUG_INFO = NO;
				MTL_FAST_MATH = YES;
				SDKROOT = iphoneos;
				SWIFT_COMPILATION_MODE = wholemodule;
				SWIFT_OPTIMIZATION_LEVEL = "-O";
				VALIDATE_PRODUCT = YES;
			};
			name = Release;
		};
		633AF7EA27A3256E008D4442 /* Debug */ = {
			isa = XCBuildConfiguration;
			buildSettings = {
				ASSETCATALOG_COMPILER_APPICON_NAME = AppIcon;
				ASSETCATALOG_COMPILER_GLOBAL_ACCENT_COLOR_NAME = AccentColor;
				CODE_SIGN_STYLE = Automatic;
				CURRENT_PROJECT_VERSION = 1;
				DEVELOPMENT_ASSET_PATHS = "\"BusPlus/Preview Content\"";
				DEVELOPMENT_TEAM = N9E7Q8W5PW;
				ENABLE_PREVIEWS = YES;
				GENERATE_INFOPLIST_FILE = YES;
				INFOPLIST_KEY_UIApplicationSceneManifest_Generation = YES;
				INFOPLIST_KEY_UIApplicationSupportsIndirectInputEvents = YES;
				INFOPLIST_KEY_UILaunchScreen_Generation = YES;
				INFOPLIST_KEY_UISupportedInterfaceOrientations_iPad = "UIInterfaceOrientationPortrait UIInterfaceOrientationPortraitUpsideDown UIInterfaceOrientationLandscapeLeft UIInterfaceOrientationLandscapeRight";
				INFOPLIST_KEY_UISupportedInterfaceOrientations_iPhone = "UIInterfaceOrientationPortrait UIInterfaceOrientationLandscapeLeft UIInterfaceOrientationLandscapeRight";
				LD_RUNPATH_SEARCH_PATHS = (
					"$(inherited)",
					"@executable_path/Frameworks",
				);
				MARKETING_VERSION = 1.0;
				PRODUCT_BUNDLE_IDENTIFIER = com.jolingenfelter.BusPlus;
				PRODUCT_NAME = "$(TARGET_NAME)";
				SWIFT_EMIT_LOC_STRINGS = YES;
				SWIFT_VERSION = 5.0;
				TARGETED_DEVICE_FAMILY = "1,2";
			};
			name = Debug;
		};
		633AF7EB27A3256E008D4442 /* Release */ = {
			isa = XCBuildConfiguration;
			buildSettings = {
				ASSETCATALOG_COMPILER_APPICON_NAME = AppIcon;
				ASSETCATALOG_COMPILER_GLOBAL_ACCENT_COLOR_NAME = AccentColor;
				CODE_SIGN_STYLE = Automatic;
				CURRENT_PROJECT_VERSION = 1;
				DEVELOPMENT_ASSET_PATHS = "\"BusPlus/Preview Content\"";
				DEVELOPMENT_TEAM = N9E7Q8W5PW;
				ENABLE_PREVIEWS = YES;
				GENERATE_INFOPLIST_FILE = YES;
				INFOPLIST_KEY_UIApplicationSceneManifest_Generation = YES;
				INFOPLIST_KEY_UIApplicationSupportsIndirectInputEvents = YES;
				INFOPLIST_KEY_UILaunchScreen_Generation = YES;
				INFOPLIST_KEY_UISupportedInterfaceOrientations_iPad = "UIInterfaceOrientationPortrait UIInterfaceOrientationPortraitUpsideDown UIInterfaceOrientationLandscapeLeft UIInterfaceOrientationLandscapeRight";
				INFOPLIST_KEY_UISupportedInterfaceOrientations_iPhone = "UIInterfaceOrientationPortrait UIInterfaceOrientationLandscapeLeft UIInterfaceOrientationLandscapeRight";
				LD_RUNPATH_SEARCH_PATHS = (
					"$(inherited)",
					"@executable_path/Frameworks",
				);
				MARKETING_VERSION = 1.0;
				PRODUCT_BUNDLE_IDENTIFIER = com.jolingenfelter.BusPlus;
				PRODUCT_NAME = "$(TARGET_NAME)";
				SWIFT_EMIT_LOC_STRINGS = YES;
				SWIFT_VERSION = 5.0;
				TARGETED_DEVICE_FAMILY = "1,2";
			};
			name = Release;
		};
/* End XCBuildConfiguration section */

/* Begin XCConfigurationList section */
		633AF7D627A3256C008D4442 /* Build configuration list for PBXProject "BusPlus" */ = {
			isa = XCConfigurationList;
			buildConfigurations = (
				633AF7E727A3256E008D4442 /* Debug */,
				633AF7E827A3256E008D4442 /* Release */,
			);
			defaultConfigurationIsVisible = 0;
			defaultConfigurationName = Release;
		};
		633AF7E927A3256E008D4442 /* Build configuration list for PBXNativeTarget "BusPlus" */ = {
			isa = XCConfigurationList;
			buildConfigurations = (
				633AF7EA27A3256E008D4442 /* Debug */,
				633AF7EB27A3256E008D4442 /* Release */,
			);
			defaultConfigurationIsVisible = 0;
			defaultConfigurationName = Release;
		};
/* End XCConfigurationList section */
	};
	rootObject = 633AF7D327A3256C008D4442 /* Project object */;
}
